
Microsoft Visual Studio Solution File, Format Version 12.00
# Visual Studio Version 16
VisualStudioVersion = 16.0.31911.196
MinimumVisualStudioVersion = 10.0.40219.1
Project("{8BC9CEB8-8B4A-11D0-8D11-00A0C91BC942}") = "2739번_구구단", "2739번_구구단\2739번_구구단.vcxproj", "{9947A716-4168-4B80-A807-C21FA3449ED0}"
EndProject
Project("{8BC9CEB8-8B4A-11D0-8D11-00A0C91BC942}") = "1330번_두수비교하기", "1330번_두수비교하기\1330번_두수비교하기.vcxproj", "{DDA281F1-63D5-48FB-9EF5-1B5970CAD3A7}"
EndProject
Project("{8BC9CEB8-8B4A-11D0-8D11-00A0C91BC942}") = "2557번_HelloWorld", "2557번_HelloWorld\2557번_HelloWorld.vcxproj", "{597B6975-09DB-489C-9EF2-3B64D8FF2F57}"
EndProject
Project("{8BC9CEB8-8B4A-11D0-8D11-00A0C91BC942}") = "2753번_윤년", "2753번_윤년\2753번_윤년.vcxproj", "{8DF54F2A-9F06-4A9E-A84E-43E609DB2FA3}"
EndProject
Project("{8BC9CEB8-8B4A-11D0-8D11-00A0C91BC942}") = "9012번_괄호", "9012번_괄호\9012번_괄호.vcxproj", "{B63AC3AC-56D2-4E88-BD89-9C4CC777A928}"
EndProject
Project("{8BC9CEB8-8B4A-11D0-8D11-00A0C91BC942}") = "2884번_알람시계", "2884번_알람시계\2884번_알람시계.vcxproj", "{3C28157F-885B-4C30-8FBB-0F0AAD76BE57}"
EndProject
Project("{8BC9CEB8-8B4A-11D0-8D11-00A0C91BC942}") = "8393번_합", "8393번_합\8393번_합.vcxproj", "{9E961298-8E69-4B37-BB9C-99512CD814EF}"
EndProject
Project("{8BC9CEB8-8B4A-11D0-8D11-00A0C91BC942}") = "9498번_시험성적", "9498번_시험성적\9498번_시험성적.vcxproj", "{C693C0E6-D5BB-4557-AFEE-5E6987F64CAC}"
EndProject
Project("{8BC9CEB8-8B4A-11D0-8D11-00A0C91BC942}") = "10828번_스택", "10828번_스택\10828번_스택.vcxproj", "{841BB21C-FAD3-4CD9-A3CF-29EF57D2A055}"
EndProject
Project("{8BC9CEB8-8B4A-11D0-8D11-00A0C91BC942}") = "10950번_A+B-3", "10950번_A+B-3\10950번_A+B-3.vcxproj", "{6DCEA278-1C01-4018-9812-E2D7806ECEFF}"
EndProject
Project("{8BC9CEB8-8B4A-11D0-8D11-00A0C91BC942}") = "14681번_사분면고르기", "14681번_사분면고르기\14681번_사분면고르기.vcxproj", "{BA7D1450-52EA-4DF6-B029-BA2CB6B4ED60}"
EndProject
Project("{8BC9CEB8-8B4A-11D0-8D11-00A0C91BC942}") = "10773번_제로", "10773번_제로\10773번_제로.vcxproj", "{F5CE5A43-40D0-4789-A972-5ACE1A9C2507}"
EndProject
Project("{8BC9CEB8-8B4A-11D0-8D11-00A0C91BC942}") = "1065번_한수", "1065번_한수\1065번_한수.vcxproj", "{C50788AC-BC70-4AB5-97F3-7987DA9BD7E8}"
EndProject
Project("{8BC9CEB8-8B4A-11D0-8D11-00A0C91BC942}") = "10718번_Welovekriii", "10718번_Welovekriii\10718번_Welovekriii.vcxproj", "{56DA3BDA-16C3-4796-9141-6651C36AC808}"
EndProject
Project("{8BC9CEB8-8B4A-11D0-8D11-00A0C91BC942}") = "10003번_피보나치함수", "10003번_피보나치함수\10003번_피보나치함수.vcxproj", "{10B99DFC-DE1D-437E-9F0C-C366A1A35E58}"
EndProject
Project("{8BC9CEB8-8B4A-11D0-8D11-00A0C91BC942}") = "10171번_고양이", "10171번_고양이\10171번_고양이.vcxproj", "{4D23F542-1F63-4118-9539-07AF1832A8DC}"
EndProject
Project("{8BC9CEB8-8B4A-11D0-8D11-00A0C91BC942}") = "10172번_개", "10172번_개\10172번_개.vcxproj", "{E3395C0A-E235-49B2-8EFC-77A05BE05711}"
EndProject
Project("{8BC9CEB8-8B4A-11D0-8D11-00A0C91BC942}") = "1000번_A+B", "1000번_A+B\1000번_A+B.vcxproj", "{E9A33BAB-FF86-4933-852E-6524935D4870}"
EndProject
Project("{8BC9CEB8-8B4A-11D0-8D11-00A0C91BC942}") = "1001번_A-B", "1001번_A-B\1001번_A-B.vcxproj", "{82697BCC-A963-49F4-9D4E-0BFA2E2D3A0A}"
EndProject
Project("{8BC9CEB8-8B4A-11D0-8D11-00A0C91BC942}") = "10998번_AxB", "10998번_AxB\10998번_AxB.vcxproj", "{FBA35E9E-9526-4A43-BDD9-8DE3B65CFAF8}"
EndProject
Project("{8BC9CEB8-8B4A-11D0-8D11-00A0C91BC942}") = "1008번_AdivB", "1008번_AdivB\1008번_AdivB.vcxproj", "{5EF0C402-1F49-4C51-8C9D-E31A0DCCC5F9}"
EndProject
Project("{8BC9CEB8-8B4A-11D0-8D11-00A0C91BC942}") = "10869번_사칙연산", "10869번_사칙연산\10869번_사칙연산.vcxproj", "{E4DAFCD2-62B4-4644-A395-65E2E9268F8B}"
EndProject
Project("{8BC9CEB8-8B4A-11D0-8D11-00A0C91BC942}") = "10430번_나머지", "10430번_나머지\10430번_나머지.vcxproj", "{095E2083-B498-4CEB-8EC2-1703CACF8175}"
EndProject
Project("{8BC9CEB8-8B4A-11D0-8D11-00A0C91BC942}") = "2588번_곱셈", "2588번_곱셈\2588번_곱셈.vcxproj", "{B264B2FA-4F4C-4765-B917-98077E743610}"
EndProject
Project("{8BC9CEB8-8B4A-11D0-8D11-00A0C91BC942}") = "15552번_빠른A+B", "15552번_빠른A+B\15552번_빠른A+B.vcxproj", "{D0DDF748-5DC9-4A67-80E8-5CD2EC77134D}"
EndProject
Project("{8BC9CEB8-8B4A-11D0-8D11-00A0C91BC942}") = "2741번_N찍기", "2741번_N찍기\2741번_N찍기.vcxproj", "{01AC0C1C-4AE6-449E-903A-0ED38683AF03}"
EndProject
Project("{8BC9CEB8-8B4A-11D0-8D11-00A0C91BC942}") = "2742번_기찍N", "2742번_기찍N\2742번_기찍N.vcxproj", "{65763139-611B-43EC-8959-7E637B95D392}"
EndProject
Project("{8BC9CEB8-8B4A-11D0-8D11-00A0C91BC942}") = "11021번_A+B-7", "11021번_A+B-7\11021번_A+B-7.vcxproj", "{19357363-02F7-4424-A0DB-0D87268AAC32}"
EndProject
Project("{8BC9CEB8-8B4A-11D0-8D11-00A0C91BC942}") = "11022번_A+B-8", "11022번_A+B-8\11022번_A+B-8.vcxproj", "{8AEA41C1-4FAD-46CE-93E5-7BE5A49A2667}"
EndProject
Project("{8BC9CEB8-8B4A-11D0-8D11-00A0C91BC942}") = "2438번_별찍기-1", "2438번_별찍기-1\2438번_별찍기-1.vcxproj", "{55D5BC20-2CD7-41B3-AD9E-EC4C59DA159E}"
EndProject
Project("{8BC9CEB8-8B4A-11D0-8D11-00A0C91BC942}") = "2439번_별찍기-2", "2439번_별찍기-2\2439번_별찍기-2.vcxproj", "{0E1FB021-1A92-4B47-9B42-20E8E62D8D5C}"
EndProject
Project("{8BC9CEB8-8B4A-11D0-8D11-00A0C91BC942}") = "10871번_X보다작은수", "10871번_X보다작은수\10871번_X보다작은수.vcxproj", "{8853E667-A95D-43B4-935C-9F97B19E7C73}"
EndProject
Project("{8BC9CEB8-8B4A-11D0-8D11-00A0C91BC942}") = "10952번_A+B-5", "10952번_A+B-5\10952번_A+B-5.vcxproj", "{85DF254F-EFC6-4D84-B52F-E157559DFF04}"
EndProject
Project("{8BC9CEB8-8B4A-11D0-8D11-00A0C91BC942}") = "10951번_A+B-4", "10951번_A+B-4\10951번_A+B-4.vcxproj", "{C1DE0401-BF98-4E09-B885-FBC9FBBC52C9}"
EndProject
Project("{8BC9CEB8-8B4A-11D0-8D11-00A0C91BC942}") = "1110번_더하기사이클", "1110번_더하기사이클\1110번_더하기사이클.vcxproj", "{85ED2D80-2D26-435F-933A-A8708888F735}"
EndProject
Global
	GlobalSection(SolutionConfigurationPlatforms) = preSolution
		Debug|x64 = Debug|x64
		Debug|x86 = Debug|x86
		Release|x64 = Release|x64
		Release|x86 = Release|x86
	EndGlobalSection
	GlobalSection(ProjectConfigurationPlatforms) = postSolution
		{9947A716-4168-4B80-A807-C21FA3449ED0}.Debug|x64.ActiveCfg = Debug|x64
		{9947A716-4168-4B80-A807-C21FA3449ED0}.Debug|x64.Build.0 = Debug|x64
		{9947A716-4168-4B80-A807-C21FA3449ED0}.Debug|x86.ActiveCfg = Debug|Win32
		{9947A716-4168-4B80-A807-C21FA3449ED0}.Debug|x86.Build.0 = Debug|Win32
		{9947A716-4168-4B80-A807-C21FA3449ED0}.Release|x64.ActiveCfg = Release|x64
		{9947A716-4168-4B80-A807-C21FA3449ED0}.Release|x64.Build.0 = Release|x64
		{9947A716-4168-4B80-A807-C21FA3449ED0}.Release|x86.ActiveCfg = Release|Win32
		{9947A716-4168-4B80-A807-C21FA3449ED0}.Release|x86.Build.0 = Release|Win32
		{DDA281F1-63D5-48FB-9EF5-1B5970CAD3A7}.Debug|x64.ActiveCfg = Debug|x64
		{DDA281F1-63D5-48FB-9EF5-1B5970CAD3A7}.Debug|x64.Build.0 = Debug|x64
		{DDA281F1-63D5-48FB-9EF5-1B5970CAD3A7}.Debug|x86.ActiveCfg = Debug|Win32
		{DDA281F1-63D5-48FB-9EF5-1B5970CAD3A7}.Debug|x86.Build.0 = Debug|Win32
		{DDA281F1-63D5-48FB-9EF5-1B5970CAD3A7}.Release|x64.ActiveCfg = Release|x64
		{DDA281F1-63D5-48FB-9EF5-1B5970CAD3A7}.Release|x64.Build.0 = Release|x64
		{DDA281F1-63D5-48FB-9EF5-1B5970CAD3A7}.Release|x86.ActiveCfg = Release|Win32
		{DDA281F1-63D5-48FB-9EF5-1B5970CAD3A7}.Release|x86.Build.0 = Release|Win32
		{597B6975-09DB-489C-9EF2-3B64D8FF2F57}.Debug|x64.ActiveCfg = Debug|x64
		{597B6975-09DB-489C-9EF2-3B64D8FF2F57}.Debug|x64.Build.0 = Debug|x64
		{597B6975-09DB-489C-9EF2-3B64D8FF2F57}.Debug|x86.ActiveCfg = Debug|Win32
		{597B6975-09DB-489C-9EF2-3B64D8FF2F57}.Debug|x86.Build.0 = Debug|Win32
		{597B6975-09DB-489C-9EF2-3B64D8FF2F57}.Release|x64.ActiveCfg = Release|x64
		{597B6975-09DB-489C-9EF2-3B64D8FF2F57}.Release|x64.Build.0 = Release|x64
		{597B6975-09DB-489C-9EF2-3B64D8FF2F57}.Release|x86.ActiveCfg = Release|Win32
		{597B6975-09DB-489C-9EF2-3B64D8FF2F57}.Release|x86.Build.0 = Release|Win32
		{8DF54F2A-9F06-4A9E-A84E-43E609DB2FA3}.Debug|x64.ActiveCfg = Debug|x64
		{8DF54F2A-9F06-4A9E-A84E-43E609DB2FA3}.Debug|x64.Build.0 = Debug|x64
		{8DF54F2A-9F06-4A9E-A84E-43E609DB2FA3}.Debug|x86.ActiveCfg = Debug|Win32
		{8DF54F2A-9F06-4A9E-A84E-43E609DB2FA3}.Debug|x86.Build.0 = Debug|Win32
		{8DF54F2A-9F06-4A9E-A84E-43E609DB2FA3}.Release|x64.ActiveCfg = Release|x64
		{8DF54F2A-9F06-4A9E-A84E-43E609DB2FA3}.Release|x64.Build.0 = Release|x64
		{8DF54F2A-9F06-4A9E-A84E-43E609DB2FA3}.Release|x86.ActiveCfg = Release|Win32
		{8DF54F2A-9F06-4A9E-A84E-43E609DB2FA3}.Release|x86.Build.0 = Release|Win32
		{B63AC3AC-56D2-4E88-BD89-9C4CC777A928}.Debug|x64.ActiveCfg = Debug|x64
		{B63AC3AC-56D2-4E88-BD89-9C4CC777A928}.Debug|x64.Build.0 = Debug|x64
		{B63AC3AC-56D2-4E88-BD89-9C4CC777A928}.Debug|x86.ActiveCfg = Debug|Win32
		{B63AC3AC-56D2-4E88-BD89-9C4CC777A928}.Debug|x86.Build.0 = Debug|Win32
		{B63AC3AC-56D2-4E88-BD89-9C4CC777A928}.Release|x64.ActiveCfg = Release|x64
		{B63AC3AC-56D2-4E88-BD89-9C4CC777A928}.Release|x64.Build.0 = Release|x64
		{B63AC3AC-56D2-4E88-BD89-9C4CC777A928}.Release|x86.ActiveCfg = Release|Win32
		{B63AC3AC-56D2-4E88-BD89-9C4CC777A928}.Release|x86.Build.0 = Release|Win32
		{3C28157F-885B-4C30-8FBB-0F0AAD76BE57}.Debug|x64.ActiveCfg = Debug|x64
		{3C28157F-885B-4C30-8FBB-0F0AAD76BE57}.Debug|x64.Build.0 = Debug|x64
		{3C28157F-885B-4C30-8FBB-0F0AAD76BE57}.Debug|x86.ActiveCfg = Debug|Win32
		{3C28157F-885B-4C30-8FBB-0F0AAD76BE57}.Debug|x86.Build.0 = Debug|Win32
		{3C28157F-885B-4C30-8FBB-0F0AAD76BE57}.Release|x64.ActiveCfg = Release|x64
		{3C28157F-885B-4C30-8FBB-0F0AAD76BE57}.Release|x64.Build.0 = Release|x64
		{3C28157F-885B-4C30-8FBB-0F0AAD76BE57}.Release|x86.ActiveCfg = Release|Win32
		{3C28157F-885B-4C30-8FBB-0F0AAD76BE57}.Release|x86.Build.0 = Release|Win32
		{9E961298-8E69-4B37-BB9C-99512CD814EF}.Debug|x64.ActiveCfg = Debug|x64
		{9E961298-8E69-4B37-BB9C-99512CD814EF}.Debug|x64.Build.0 = Debug|x64
		{9E961298-8E69-4B37-BB9C-99512CD814EF}.Debug|x86.ActiveCfg = Debug|Win32
		{9E961298-8E69-4B37-BB9C-99512CD814EF}.Debug|x86.Build.0 = Debug|Win32
		{9E961298-8E69-4B37-BB9C-99512CD814EF}.Release|x64.ActiveCfg = Release|x64
		{9E961298-8E69-4B37-BB9C-99512CD814EF}.Release|x64.Build.0 = Release|x64
		{9E961298-8E69-4B37-BB9C-99512CD814EF}.Release|x86.ActiveCfg = Release|Win32
		{9E961298-8E69-4B37-BB9C-99512CD814EF}.Release|x86.Build.0 = Release|Win32
		{C693C0E6-D5BB-4557-AFEE-5E6987F64CAC}.Debug|x64.ActiveCfg = Debug|x64
		{C693C0E6-D5BB-4557-AFEE-5E6987F64CAC}.Debug|x64.Build.0 = Debug|x64
		{C693C0E6-D5BB-4557-AFEE-5E6987F64CAC}.Debug|x86.ActiveCfg = Debug|Win32
		{C693C0E6-D5BB-4557-AFEE-5E6987F64CAC}.Debug|x86.Build.0 = Debug|Win32
		{C693C0E6-D5BB-4557-AFEE-5E6987F64CAC}.Release|x64.ActiveCfg = Release|x64
		{C693C0E6-D5BB-4557-AFEE-5E6987F64CAC}.Release|x64.Build.0 = Release|x64
		{C693C0E6-D5BB-4557-AFEE-5E6987F64CAC}.Release|x86.ActiveCfg = Release|Win32
		{C693C0E6-D5BB-4557-AFEE-5E6987F64CAC}.Release|x86.Build.0 = Release|Win32
		{841BB21C-FAD3-4CD9-A3CF-29EF57D2A055}.Debug|x64.ActiveCfg = Debug|x64
		{841BB21C-FAD3-4CD9-A3CF-29EF57D2A055}.Debug|x64.Build.0 = Debug|x64
		{841BB21C-FAD3-4CD9-A3CF-29EF57D2A055}.Debug|x86.ActiveCfg = Debug|Win32
		{841BB21C-FAD3-4CD9-A3CF-29EF57D2A055}.Debug|x86.Build.0 = Debug|Win32
		{841BB21C-FAD3-4CD9-A3CF-29EF57D2A055}.Release|x64.ActiveCfg = Release|x64
		{841BB21C-FAD3-4CD9-A3CF-29EF57D2A055}.Release|x64.Build.0 = Release|x64
		{841BB21C-FAD3-4CD9-A3CF-29EF57D2A055}.Release|x86.ActiveCfg = Release|Win32
		{841BB21C-FAD3-4CD9-A3CF-29EF57D2A055}.Release|x86.Build.0 = Release|Win32
		{6DCEA278-1C01-4018-9812-E2D7806ECEFF}.Debug|x64.ActiveCfg = Debug|x64
		{6DCEA278-1C01-4018-9812-E2D7806ECEFF}.Debug|x64.Build.0 = Debug|x64
		{6DCEA278-1C01-4018-9812-E2D7806ECEFF}.Debug|x86.ActiveCfg = Debug|Win32
		{6DCEA278-1C01-4018-9812-E2D7806ECEFF}.Debug|x86.Build.0 = Debug|Win32
		{6DCEA278-1C01-4018-9812-E2D7806ECEFF}.Release|x64.ActiveCfg = Release|x64
		{6DCEA278-1C01-4018-9812-E2D7806ECEFF}.Release|x64.Build.0 = Release|x64
		{6DCEA278-1C01-4018-9812-E2D7806ECEFF}.Release|x86.ActiveCfg = Release|Win32
		{6DCEA278-1C01-4018-9812-E2D7806ECEFF}.Release|x86.Build.0 = Release|Win32
		{BA7D1450-52EA-4DF6-B029-BA2CB6B4ED60}.Debug|x64.ActiveCfg = Debug|x64
		{BA7D1450-52EA-4DF6-B029-BA2CB6B4ED60}.Debug|x64.Build.0 = Debug|x64
		{BA7D1450-52EA-4DF6-B029-BA2CB6B4ED60}.Debug|x86.ActiveCfg = Debug|Win32
		{BA7D1450-52EA-4DF6-B029-BA2CB6B4ED60}.Debug|x86.Build.0 = Debug|Win32
		{BA7D1450-52EA-4DF6-B029-BA2CB6B4ED60}.Release|x64.ActiveCfg = Release|x64
		{BA7D1450-52EA-4DF6-B029-BA2CB6B4ED60}.Release|x64.Build.0 = Release|x64
		{BA7D1450-52EA-4DF6-B029-BA2CB6B4ED60}.Release|x86.ActiveCfg = Release|Win32
		{BA7D1450-52EA-4DF6-B029-BA2CB6B4ED60}.Release|x86.Build.0 = Release|Win32
		{F5CE5A43-40D0-4789-A972-5ACE1A9C2507}.Debug|x64.ActiveCfg = Debug|x64
		{F5CE5A43-40D0-4789-A972-5ACE1A9C2507}.Debug|x64.Build.0 = Debug|x64
		{F5CE5A43-40D0-4789-A972-5ACE1A9C2507}.Debug|x86.ActiveCfg = Debug|Win32
		{F5CE5A43-40D0-4789-A972-5ACE1A9C2507}.Debug|x86.Build.0 = Debug|Win32
		{F5CE5A43-40D0-4789-A972-5ACE1A9C2507}.Release|x64.ActiveCfg = Release|x64
		{F5CE5A43-40D0-4789-A972-5ACE1A9C2507}.Release|x64.Build.0 = Release|x64
		{F5CE5A43-40D0-4789-A972-5ACE1A9C2507}.Release|x86.ActiveCfg = Release|Win32
		{F5CE5A43-40D0-4789-A972-5ACE1A9C2507}.Release|x86.Build.0 = Release|Win32
		{C50788AC-BC70-4AB5-97F3-7987DA9BD7E8}.Debug|x64.ActiveCfg = Debug|x64
		{C50788AC-BC70-4AB5-97F3-7987DA9BD7E8}.Debug|x64.Build.0 = Debug|x64
		{C50788AC-BC70-4AB5-97F3-7987DA9BD7E8}.Debug|x86.ActiveCfg = Debug|Win32
		{C50788AC-BC70-4AB5-97F3-7987DA9BD7E8}.Debug|x86.Build.0 = Debug|Win32
		{C50788AC-BC70-4AB5-97F3-7987DA9BD7E8}.Release|x64.ActiveCfg = Release|x64
		{C50788AC-BC70-4AB5-97F3-7987DA9BD7E8}.Release|x64.Build.0 = Release|x64
		{C50788AC-BC70-4AB5-97F3-7987DA9BD7E8}.Release|x86.ActiveCfg = Release|Win32
		{C50788AC-BC70-4AB5-97F3-7987DA9BD7E8}.Release|x86.Build.0 = Release|Win32
		{56DA3BDA-16C3-4796-9141-6651C36AC808}.Debug|x64.ActiveCfg = Debug|x64
		{56DA3BDA-16C3-4796-9141-6651C36AC808}.Debug|x64.Build.0 = Debug|x64
		{56DA3BDA-16C3-4796-9141-6651C36AC808}.Debug|x86.ActiveCfg = Debug|Win32
		{56DA3BDA-16C3-4796-9141-6651C36AC808}.Debug|x86.Build.0 = Debug|Win32
		{56DA3BDA-16C3-4796-9141-6651C36AC808}.Release|x64.ActiveCfg = Release|x64
		{56DA3BDA-16C3-4796-9141-6651C36AC808}.Release|x64.Build.0 = Release|x64
		{56DA3BDA-16C3-4796-9141-6651C36AC808}.Release|x86.ActiveCfg = Release|Win32
		{56DA3BDA-16C3-4796-9141-6651C36AC808}.Release|x86.Build.0 = Release|Win32
		{10B99DFC-DE1D-437E-9F0C-C366A1A35E58}.Debug|x64.ActiveCfg = Debug|x64
		{10B99DFC-DE1D-437E-9F0C-C366A1A35E58}.Debug|x64.Build.0 = Debug|x64
		{10B99DFC-DE1D-437E-9F0C-C366A1A35E58}.Debug|x86.ActiveCfg = Debug|Win32
		{10B99DFC-DE1D-437E-9F0C-C366A1A35E58}.Debug|x86.Build.0 = Debug|Win32
		{10B99DFC-DE1D-437E-9F0C-C366A1A35E58}.Release|x64.ActiveCfg = Release|x64
		{10B99DFC-DE1D-437E-9F0C-C366A1A35E58}.Release|x64.Build.0 = Release|x64
		{10B99DFC-DE1D-437E-9F0C-C366A1A35E58}.Release|x86.ActiveCfg = Release|Win32
		{10B99DFC-DE1D-437E-9F0C-C366A1A35E58}.Release|x86.Build.0 = Release|Win32
		{4D23F542-1F63-4118-9539-07AF1832A8DC}.Debug|x64.ActiveCfg = Debug|x64
		{4D23F542-1F63-4118-9539-07AF1832A8DC}.Debug|x64.Build.0 = Debug|x64
		{4D23F542-1F63-4118-9539-07AF1832A8DC}.Debug|x86.ActiveCfg = Debug|Win32
		{4D23F542-1F63-4118-9539-07AF1832A8DC}.Debug|x86.Build.0 = Debug|Win32
		{4D23F542-1F63-4118-9539-07AF1832A8DC}.Release|x64.ActiveCfg = Release|x64
		{4D23F542-1F63-4118-9539-07AF1832A8DC}.Release|x64.Build.0 = Release|x64
		{4D23F542-1F63-4118-9539-07AF1832A8DC}.Release|x86.ActiveCfg = Release|Win32
		{4D23F542-1F63-4118-9539-07AF1832A8DC}.Release|x86.Build.0 = Release|Win32
		{E3395C0A-E235-49B2-8EFC-77A05BE05711}.Debug|x64.ActiveCfg = Debug|x64
		{E3395C0A-E235-49B2-8EFC-77A05BE05711}.Debug|x64.Build.0 = Debug|x64
		{E3395C0A-E235-49B2-8EFC-77A05BE05711}.Debug|x86.ActiveCfg = Debug|Win32
		{E3395C0A-E235-49B2-8EFC-77A05BE05711}.Debug|x86.Build.0 = Debug|Win32
		{E3395C0A-E235-49B2-8EFC-77A05BE05711}.Release|x64.ActiveCfg = Release|x64
		{E3395C0A-E235-49B2-8EFC-77A05BE05711}.Release|x64.Build.0 = Release|x64
		{E3395C0A-E235-49B2-8EFC-77A05BE05711}.Release|x86.ActiveCfg = Release|Win32
		{E3395C0A-E235-49B2-8EFC-77A05BE05711}.Release|x86.Build.0 = Release|Win32
		{E9A33BAB-FF86-4933-852E-6524935D4870}.Debug|x64.ActiveCfg = Debug|x64
		{E9A33BAB-FF86-4933-852E-6524935D4870}.Debug|x64.Build.0 = Debug|x64
		{E9A33BAB-FF86-4933-852E-6524935D4870}.Debug|x86.ActiveCfg = Debug|Win32
		{E9A33BAB-FF86-4933-852E-6524935D4870}.Debug|x86.Build.0 = Debug|Win32
		{E9A33BAB-FF86-4933-852E-6524935D4870}.Release|x64.ActiveCfg = Release|x64
		{E9A33BAB-FF86-4933-852E-6524935D4870}.Release|x64.Build.0 = Release|x64
		{E9A33BAB-FF86-4933-852E-6524935D4870}.Release|x86.ActiveCfg = Release|Win32
		{E9A33BAB-FF86-4933-852E-6524935D4870}.Release|x86.Build.0 = Release|Win32
		{82697BCC-A963-49F4-9D4E-0BFA2E2D3A0A}.Debug|x64.ActiveCfg = Debug|x64
		{82697BCC-A963-49F4-9D4E-0BFA2E2D3A0A}.Debug|x64.Build.0 = Debug|x64
		{82697BCC-A963-49F4-9D4E-0BFA2E2D3A0A}.Debug|x86.ActiveCfg = Debug|Win32
		{82697BCC-A963-49F4-9D4E-0BFA2E2D3A0A}.Debug|x86.Build.0 = Debug|Win32
		{82697BCC-A963-49F4-9D4E-0BFA2E2D3A0A}.Release|x64.ActiveCfg = Release|x64
		{82697BCC-A963-49F4-9D4E-0BFA2E2D3A0A}.Release|x64.Build.0 = Release|x64
		{82697BCC-A963-49F4-9D4E-0BFA2E2D3A0A}.Release|x86.ActiveCfg = Release|Win32
		{82697BCC-A963-49F4-9D4E-0BFA2E2D3A0A}.Release|x86.Build.0 = Release|Win32
		{FBA35E9E-9526-4A43-BDD9-8DE3B65CFAF8}.Debug|x64.ActiveCfg = Debug|x64
		{FBA35E9E-9526-4A43-BDD9-8DE3B65CFAF8}.Debug|x64.Build.0 = Debug|x64
		{FBA35E9E-9526-4A43-BDD9-8DE3B65CFAF8}.Debug|x86.ActiveCfg = Debug|Win32
		{FBA35E9E-9526-4A43-BDD9-8DE3B65CFAF8}.Debug|x86.Build.0 = Debug|Win32
		{FBA35E9E-9526-4A43-BDD9-8DE3B65CFAF8}.Release|x64.ActiveCfg = Release|x64
		{FBA35E9E-9526-4A43-BDD9-8DE3B65CFAF8}.Release|x64.Build.0 = Release|x64
		{FBA35E9E-9526-4A43-BDD9-8DE3B65CFAF8}.Release|x86.ActiveCfg = Release|Win32
		{FBA35E9E-9526-4A43-BDD9-8DE3B65CFAF8}.Release|x86.Build.0 = Release|Win32
		{5EF0C402-1F49-4C51-8C9D-E31A0DCCC5F9}.Debug|x64.ActiveCfg = Debug|x64
		{5EF0C402-1F49-4C51-8C9D-E31A0DCCC5F9}.Debug|x64.Build.0 = Debug|x64
		{5EF0C402-1F49-4C51-8C9D-E31A0DCCC5F9}.Debug|x86.ActiveCfg = Debug|Win32
		{5EF0C402-1F49-4C51-8C9D-E31A0DCCC5F9}.Debug|x86.Build.0 = Debug|Win32
		{5EF0C402-1F49-4C51-8C9D-E31A0DCCC5F9}.Release|x64.ActiveCfg = Release|x64
		{5EF0C402-1F49-4C51-8C9D-E31A0DCCC5F9}.Release|x64.Build.0 = Release|x64
		{5EF0C402-1F49-4C51-8C9D-E31A0DCCC5F9}.Release|x86.ActiveCfg = Release|Win32
		{5EF0C402-1F49-4C51-8C9D-E31A0DCCC5F9}.Release|x86.Build.0 = Release|Win32
		{E4DAFCD2-62B4-4644-A395-65E2E9268F8B}.Debug|x64.ActiveCfg = Debug|x64
		{E4DAFCD2-62B4-4644-A395-65E2E9268F8B}.Debug|x64.Build.0 = Debug|x64
		{E4DAFCD2-62B4-4644-A395-65E2E9268F8B}.Debug|x86.ActiveCfg = Debug|Win32
		{E4DAFCD2-62B4-4644-A395-65E2E9268F8B}.Debug|x86.Build.0 = Debug|Win32
		{E4DAFCD2-62B4-4644-A395-65E2E9268F8B}.Release|x64.ActiveCfg = Release|x64
		{E4DAFCD2-62B4-4644-A395-65E2E9268F8B}.Release|x64.Build.0 = Release|x64
		{E4DAFCD2-62B4-4644-A395-65E2E9268F8B}.Release|x86.ActiveCfg = Release|Win32
		{E4DAFCD2-62B4-4644-A395-65E2E9268F8B}.Release|x86.Build.0 = Release|Win32
		{095E2083-B498-4CEB-8EC2-1703CACF8175}.Debug|x64.ActiveCfg = Debug|x64
		{095E2083-B498-4CEB-8EC2-1703CACF8175}.Debug|x64.Build.0 = Debug|x64
		{095E2083-B498-4CEB-8EC2-1703CACF8175}.Debug|x86.ActiveCfg = Debug|Win32
		{095E2083-B498-4CEB-8EC2-1703CACF8175}.Debug|x86.Build.0 = Debug|Win32
		{095E2083-B498-4CEB-8EC2-1703CACF8175}.Release|x64.ActiveCfg = Release|x64
		{095E2083-B498-4CEB-8EC2-1703CACF8175}.Release|x64.Build.0 = Release|x64
		{095E2083-B498-4CEB-8EC2-1703CACF8175}.Release|x86.ActiveCfg = Release|Win32
		{095E2083-B498-4CEB-8EC2-1703CACF8175}.Release|x86.Build.0 = Release|Win32
		{B264B2FA-4F4C-4765-B917-98077E743610}.Debug|x64.ActiveCfg = Debug|x64
		{B264B2FA-4F4C-4765-B917-98077E743610}.Debug|x64.Build.0 = Debug|x64
		{B264B2FA-4F4C-4765-B917-98077E743610}.Debug|x86.ActiveCfg = Debug|Win32
		{B264B2FA-4F4C-4765-B917-98077E743610}.Debug|x86.Build.0 = Debug|Win32
		{B264B2FA-4F4C-4765-B917-98077E743610}.Release|x64.ActiveCfg = Release|x64
		{B264B2FA-4F4C-4765-B917-98077E743610}.Release|x64.Build.0 = Release|x64
		{B264B2FA-4F4C-4765-B917-98077E743610}.Release|x86.ActiveCfg = Release|Win32
		{B264B2FA-4F4C-4765-B917-98077E743610}.Release|x86.Build.0 = Release|Win32
		{D0DDF748-5DC9-4A67-80E8-5CD2EC77134D}.Debug|x64.ActiveCfg = Debug|x64
		{D0DDF748-5DC9-4A67-80E8-5CD2EC77134D}.Debug|x64.Build.0 = Debug|x64
		{D0DDF748-5DC9-4A67-80E8-5CD2EC77134D}.Debug|x86.ActiveCfg = Debug|Win32
		{D0DDF748-5DC9-4A67-80E8-5CD2EC77134D}.Debug|x86.Build.0 = Debug|Win32
		{D0DDF748-5DC9-4A67-80E8-5CD2EC77134D}.Release|x64.ActiveCfg = Release|x64
		{D0DDF748-5DC9-4A67-80E8-5CD2EC77134D}.Release|x64.Build.0 = Release|x64
		{D0DDF748-5DC9-4A67-80E8-5CD2EC77134D}.Release|x86.ActiveCfg = Release|Win32
		{D0DDF748-5DC9-4A67-80E8-5CD2EC77134D}.Release|x86.Build.0 = Release|Win32
		{01AC0C1C-4AE6-449E-903A-0ED38683AF03}.Debug|x64.ActiveCfg = Debug|x64
		{01AC0C1C-4AE6-449E-903A-0ED38683AF03}.Debug|x64.Build.0 = Debug|x64
		{01AC0C1C-4AE6-449E-903A-0ED38683AF03}.Debug|x86.ActiveCfg = Debug|Win32
		{01AC0C1C-4AE6-449E-903A-0ED38683AF03}.Debug|x86.Build.0 = Debug|Win32
		{01AC0C1C-4AE6-449E-903A-0ED38683AF03}.Release|x64.ActiveCfg = Release|x64
		{01AC0C1C-4AE6-449E-903A-0ED38683AF03}.Release|x64.Build.0 = Release|x64
		{01AC0C1C-4AE6-449E-903A-0ED38683AF03}.Release|x86.ActiveCfg = Release|Win32
		{01AC0C1C-4AE6-449E-903A-0ED38683AF03}.Release|x86.Build.0 = Release|Win32
		{65763139-611B-43EC-8959-7E637B95D392}.Debug|x64.ActiveCfg = Debug|x64
		{65763139-611B-43EC-8959-7E637B95D392}.Debug|x64.Build.0 = Debug|x64
		{65763139-611B-43EC-8959-7E637B95D392}.Debug|x86.ActiveCfg = Debug|Win32
		{65763139-611B-43EC-8959-7E637B95D392}.Debug|x86.Build.0 = Debug|Win32
		{65763139-611B-43EC-8959-7E637B95D392}.Release|x64.ActiveCfg = Release|x64
		{65763139-611B-43EC-8959-7E637B95D392}.Release|x64.Build.0 = Release|x64
		{65763139-611B-43EC-8959-7E637B95D392}.Release|x86.ActiveCfg = Release|Win32
		{65763139-611B-43EC-8959-7E637B95D392}.Release|x86.Build.0 = Release|Win32
		{19357363-02F7-4424-A0DB-0D87268AAC32}.Debug|x64.ActiveCfg = Debug|x64
		{19357363-02F7-4424-A0DB-0D87268AAC32}.Debug|x64.Build.0 = Debug|x64
		{19357363-02F7-4424-A0DB-0D87268AAC32}.Debug|x86.ActiveCfg = Debug|Win32
		{19357363-02F7-4424-A0DB-0D87268AAC32}.Debug|x86.Build.0 = Debug|Win32
		{19357363-02F7-4424-A0DB-0D87268AAC32}.Release|x64.ActiveCfg = Release|x64
		{19357363-02F7-4424-A0DB-0D87268AAC32}.Release|x64.Build.0 = Release|x64
		{19357363-02F7-4424-A0DB-0D87268AAC32}.Release|x86.ActiveCfg = Release|Win32
		{19357363-02F7-4424-A0DB-0D87268AAC32}.Release|x86.Build.0 = Release|Win32
		{8AEA41C1-4FAD-46CE-93E5-7BE5A49A2667}.Debug|x64.ActiveCfg = Debug|x64
		{8AEA41C1-4FAD-46CE-93E5-7BE5A49A2667}.Debug|x64.Build.0 = Debug|x64
		{8AEA41C1-4FAD-46CE-93E5-7BE5A49A2667}.Debug|x86.ActiveCfg = Debug|Win32
		{8AEA41C1-4FAD-46CE-93E5-7BE5A49A2667}.Debug|x86.Build.0 = Debug|Win32
		{8AEA41C1-4FAD-46CE-93E5-7BE5A49A2667}.Release|x64.ActiveCfg = Release|x64
		{8AEA41C1-4FAD-46CE-93E5-7BE5A49A2667}.Release|x64.Build.0 = Release|x64
		{8AEA41C1-4FAD-46CE-93E5-7BE5A49A2667}.Release|x86.ActiveCfg = Release|Win32
		{8AEA41C1-4FAD-46CE-93E5-7BE5A49A2667}.Release|x86.Build.0 = Release|Win32
		{55D5BC20-2CD7-41B3-AD9E-EC4C59DA159E}.Debug|x64.ActiveCfg = Debug|x64
		{55D5BC20-2CD7-41B3-AD9E-EC4C59DA159E}.Debug|x64.Build.0 = Debug|x64
		{55D5BC20-2CD7-41B3-AD9E-EC4C59DA159E}.Debug|x86.ActiveCfg = Debug|Win32
		{55D5BC20-2CD7-41B3-AD9E-EC4C59DA159E}.Debug|x86.Build.0 = Debug|Win32
		{55D5BC20-2CD7-41B3-AD9E-EC4C59DA159E}.Release|x64.ActiveCfg = Release|x64
		{55D5BC20-2CD7-41B3-AD9E-EC4C59DA159E}.Release|x64.Build.0 = Release|x64
		{55D5BC20-2CD7-41B3-AD9E-EC4C59DA159E}.Release|x86.ActiveCfg = Release|Win32
		{55D5BC20-2CD7-41B3-AD9E-EC4C59DA159E}.Release|x86.Build.0 = Release|Win32
		{0E1FB021-1A92-4B47-9B42-20E8E62D8D5C}.Debug|x64.ActiveCfg = Debug|x64
		{0E1FB021-1A92-4B47-9B42-20E8E62D8D5C}.Debug|x64.Build.0 = Debug|x64
		{0E1FB021-1A92-4B47-9B42-20E8E62D8D5C}.Debug|x86.ActiveCfg = Debug|Win32
		{0E1FB021-1A92-4B47-9B42-20E8E62D8D5C}.Debug|x86.Build.0 = Debug|Win32
		{0E1FB021-1A92-4B47-9B42-20E8E62D8D5C}.Release|x64.ActiveCfg = Release|x64
		{0E1FB021-1A92-4B47-9B42-20E8E62D8D5C}.Release|x64.Build.0 = Release|x64
		{0E1FB021-1A92-4B47-9B42-20E8E62D8D5C}.Release|x86.ActiveCfg = Release|Win32
		{0E1FB021-1A92-4B47-9B42-20E8E62D8D5C}.Release|x86.Build.0 = Release|Win32
		{8853E667-A95D-43B4-935C-9F97B19E7C73}.Debug|x64.ActiveCfg = Debug|x64
		{8853E667-A95D-43B4-935C-9F97B19E7C73}.Debug|x64.Build.0 = Debug|x64
		{8853E667-A95D-43B4-935C-9F97B19E7C73}.Debug|x86.ActiveCfg = Debug|Win32
		{8853E667-A95D-43B4-935C-9F97B19E7C73}.Debug|x86.Build.0 = Debug|Win32
		{8853E667-A95D-43B4-935C-9F97B19E7C73}.Release|x64.ActiveCfg = Release|x64
		{8853E667-A95D-43B4-935C-9F97B19E7C73}.Release|x64.Build.0 = Release|x64
		{8853E667-A95D-43B4-935C-9F97B19E7C73}.Release|x86.ActiveCfg = Release|Win32
		{8853E667-A95D-43B4-935C-9F97B19E7C73}.Release|x86.Build.0 = Release|Win32
		{85DF254F-EFC6-4D84-B52F-E157559DFF04}.Debug|x64.ActiveCfg = Debug|x64
		{85DF254F-EFC6-4D84-B52F-E157559DFF04}.Debug|x64.Build.0 = Debug|x64
		{85DF254F-EFC6-4D84-B52F-E157559DFF04}.Debug|x86.ActiveCfg = Debug|Win32
		{85DF254F-EFC6-4D84-B52F-E157559DFF04}.Debug|x86.Build.0 = Debug|Win32
		{85DF254F-EFC6-4D84-B52F-E157559DFF04}.Release|x64.ActiveCfg = Release|x64
		{85DF254F-EFC6-4D84-B52F-E157559DFF04}.Release|x64.Build.0 = Release|x64
		{85DF254F-EFC6-4D84-B52F-E157559DFF04}.Release|x86.ActiveCfg = Release|Win32
		{85DF254F-EFC6-4D84-B52F-E157559DFF04}.Release|x86.Build.0 = Release|Win32
		{C1DE0401-BF98-4E09-B885-FBC9FBBC52C9}.Debug|x64.ActiveCfg = Debug|x64
		{C1DE0401-BF98-4E09-B885-FBC9FBBC52C9}.Debug|x64.Build.0 = Debug|x64
		{C1DE0401-BF98-4E09-B885-FBC9FBBC52C9}.Debug|x86.ActiveCfg = Debug|Win32
		{C1DE0401-BF98-4E09-B885-FBC9FBBC52C9}.Debug|x86.Build.0 = Debug|Win32
		{C1DE0401-BF98-4E09-B885-FBC9FBBC52C9}.Release|x64.ActiveCfg = Release|x64
		{C1DE0401-BF98-4E09-B885-FBC9FBBC52C9}.Release|x64.Build.0 = Release|x64
		{C1DE0401-BF98-4E09-B885-FBC9FBBC52C9}.Release|x86.ActiveCfg = Release|Win32
		{C1DE0401-BF98-4E09-B885-FBC9FBBC52C9}.Release|x86.Build.0 = Release|Win32
		{85ED2D80-2D26-435F-933A-A8708888F735}.Debug|x64.ActiveCfg = Debug|x64
		{85ED2D80-2D26-435F-933A-A8708888F735}.Debug|x64.Build.0 = Debug|x64
		{85ED2D80-2D26-435F-933A-A8708888F735}.Debug|x86.ActiveCfg = Debug|Win32
		{85ED2D80-2D26-435F-933A-A8708888F735}.Debug|x86.Build.0 = Debug|Win32
		{85ED2D80-2D26-435F-933A-A8708888F735}.Release|x64.ActiveCfg = Release|x64
		{85ED2D80-2D26-435F-933A-A8708888F735}.Release|x64.Build.0 = Release|x64
		{85ED2D80-2D26-435F-933A-A8708888F735}.Release|x86.ActiveCfg = Release|Win32
		{85ED2D80-2D26-435F-933A-A8708888F735}.Release|x86.Build.0 = Release|Win32
	EndGlobalSection
	GlobalSection(SolutionProperties) = preSolution
		HideSolutionNode = FALSE
	EndGlobalSection
	GlobalSection(ExtensibilityGlobals) = postSolution
		SolutionGuid = {A6193EC3-C732-4997-8A88-6A1ED2B23D52}
	EndGlobalSection
EndGlobal
